// !$*UTF8*$!
{
	archiveVersion = 1;
	classes = {
	};
	objectVersion = 56;
	objects = {

/* Begin PBXBuildFile section */
		3BF687C42B96AC940005A01B /* TaskCanvasApp.swift in Sources */ = {isa = PBXBuildFile; fileRef = 3BF687C32B96AC940005A01B /* TaskCanvasApp.swift */; };
		3BF687C62B96AC940005A01B /* ContentView.swift in Sources */ = {isa = PBXBuildFile; fileRef = 3BF687C52B96AC940005A01B /* ContentView.swift */; };
		3BF687C82B96AC950005A01B /* Assets.xcassets in Resources */ = {isa = PBXBuildFile; fileRef = 3BF687C72B96AC950005A01B /* Assets.xcassets */; };
		3BF687CB2B96AC950005A01B /* Preview Assets.xcassets in Resources */ = {isa = PBXBuildFile; fileRef = 3BF687CA2B96AC950005A01B /* Preview Assets.xcassets */; };
		8445B5FA2BC34A1D000C042C /* AddItemView.swift in Sources */ = {isa = PBXBuildFile; fileRef = 8445B5F92BC34A1D000C042C /* AddItemView.swift */; };
		8445B6042BC34A73000C042C /* PersonalCalendarView.swift in Sources */ = {isa = PBXBuildFile; fileRef = 8445B5FB2BC34A72000C042C /* PersonalCalendarView.swift */; };
		8445B6052BC34A73000C042C /* SummaryView.swift in Sources */ = {isa = PBXBuildFile; fileRef = 8445B5FC2BC34A72000C042C /* SummaryView.swift */; };
		8445B6062BC34A73000C042C /* SunkenBoxView.swift in Sources */ = {isa = PBXBuildFile; fileRef = 8445B5FD2BC34A72000C042C /* SunkenBoxView.swift */; };
		8445B6072BC34A73000C042C /* FamilyAndFriendsCalendarView.swift in Sources */ = {isa = PBXBuildFile; fileRef = 8445B5FE2BC34A72000C042C /* FamilyAndFriendsCalendarView.swift */; };
		8445B6092BC34A73000C042C /* SigninView.swift in Sources */ = {isa = PBXBuildFile; fileRef = 8445B6002BC34A72000C042C /* SigninView.swift */; };
		8445B60A2BC34A73000C042C /* CalendarView.swift in Sources */ = {isa = PBXBuildFile; fileRef = 8445B6012BC34A73000C042C /* CalendarView.swift */; };
		8445B60B2BC34A73000C042C /* SignupView.swift in Sources */ = {isa = PBXBuildFile; fileRef = 8445B6022BC34A73000C042C /* SignupView.swift */; };
		8445B60C2BC34A73000C042C /* ProfessionalCalendarView.swift in Sources */ = {isa = PBXBuildFile; fileRef = 8445B6032BC34A73000C042C /* ProfessionalCalendarView.swift */; };
/* End PBXBuildFile section */

/* Begin PBXFileReference section */
		3BF687C02B96AC940005A01B /* TaskCanvas.app */ = {isa = PBXFileReference; explicitFileType = wrapper.application; includeInIndex = 0; path = TaskCanvas.app; sourceTree = BUILT_PRODUCTS_DIR; };
		3BF687C32B96AC940005A01B /* TaskCanvasApp.swift */ = {isa = PBXFileReference; lastKnownFileType = sourcecode.swift; path = TaskCanvasApp.swift; sourceTree = "<group>"; };
		3BF687C52B96AC940005A01B /* ContentView.swift */ = {isa = PBXFileReference; lastKnownFileType = sourcecode.swift; path = ContentView.swift; sourceTree = "<group>"; };
		3BF687C72B96AC950005A01B /* Assets.xcassets */ = {isa = PBXFileReference; lastKnownFileType = folder.assetcatalog; path = Assets.xcassets; sourceTree = "<group>"; };
		3BF687CA2B96AC950005A01B /* Preview Assets.xcassets */ = {isa = PBXFileReference; lastKnownFileType = folder.assetcatalog; path = "Preview Assets.xcassets"; sourceTree = "<group>"; };
		8445B5F92BC34A1D000C042C /* AddItemView.swift */ = {isa = PBXFileReference; fileEncoding = 4; lastKnownFileType = sourcecode.swift; name = AddItemView.swift; path = ../AddItemView.swift; sourceTree = "<group>"; };
		8445B5FB2BC34A72000C042C /* PersonalCalendarView.swift */ = {isa = PBXFileReference; fileEncoding = 4; lastKnownFileType = sourcecode.swift; name = PersonalCalendarView.swift; path = ../../../../Downloads/PersonalCalendarView.swift; sourceTree = "<group>"; };
		8445B5FC2BC34A72000C042C /* SummaryView.swift */ = {isa = PBXFileReference; fileEncoding = 4; lastKnownFileType = sourcecode.swift; name = SummaryView.swift; path = ../../../../Downloads/SummaryView.swift; sourceTree = "<group>"; };
		8445B5FD2BC34A72000C042C /* SunkenBoxView.swift */ = {isa = PBXFileReference; fileEncoding = 4; lastKnownFileType = sourcecode.swift; name = SunkenBoxView.swift; path = ../../../../Downloads/SunkenBoxView.swift; sourceTree = "<group>"; };
		8445B5FE2BC34A72000C042C /* FamilyAndFriendsCalendarView.swift */ = {isa = PBXFileReference; fileEncoding = 4; lastKnownFileType = sourcecode.swift; name = FamilyAndFriendsCalendarView.swift; path = ../../../../Downloads/FamilyAndFriendsCalendarView.swift; sourceTree = "<group>"; };
		8445B6002BC34A72000C042C /* SigninView.swift */ = {isa = PBXFileReference; fileEncoding = 4; lastKnownFileType = sourcecode.swift; name = SigninView.swift; path = ../../../../Downloads/SigninView.swift; sourceTree = "<group>"; };
		8445B6012BC34A73000C042C /* CalendarView.swift */ = {isa = PBXFileReference; fileEncoding = 4; lastKnownFileType = sourcecode.swift; name = CalendarView.swift; path = ../../../../Downloads/CalendarView.swift; sourceTree = "<group>"; };
		8445B6022BC34A73000C042C /* SignupView.swift */ = {isa = PBXFileReference; fileEncoding = 4; lastKnownFileType = sourcecode.swift; name = SignupView.swift; path = ../../../../Downloads/SignupView.swift; sourceTree = "<group>"; };
		8445B6032BC34A73000C042C /* ProfessionalCalendarView.swift */ = {isa = PBXFileReference; fileEncoding = 4; lastKnownFileType = sourcecode.swift; name = ProfessionalCalendarView.swift; path = ../../../../Downloads/ProfessionalCalendarView.swift; sourceTree = "<group>"; };
/* End PBXFileReference section */

/* Begin PBXFrameworksBuildPhase section */
		3BF687BD2B96AC940005A01B /* Frameworks */ = {
			isa = PBXFrameworksBuildPhase;
			buildActionMask = 2147483647;
			files = (
			);
			runOnlyForDeploymentPostprocessing = 0;
		};
/* End PBXFrameworksBuildPhase section */

/* Begin PBXGroup section */
		3BF687B72B96AC940005A01B = {
			isa = PBXGroup;
			children = (
				3BF687C22B96AC940005A01B /* TaskCanvas */,
				3BF687C12B96AC940005A01B /* Products */,
			);
			sourceTree = "<group>";
		};
		3BF687C12B96AC940005A01B /* Products */ = {
			isa = PBXGroup;
			children = (
				3BF687C02B96AC940005A01B /* TaskCanvas.app */,
			);
			name = Products;
			sourceTree = "<group>";
		};
		3BF687C22B96AC940005A01B /* TaskCanvas */ = {
			isa = PBXGroup;
			children = (
				3BF687C32B96AC940005A01B /* TaskCanvasApp.swift */,
				8445B6012BC34A73000C042C /* CalendarView.swift */,
				3BF687C52B96AC940005A01B /* ContentView.swift */,
				3BF687C72B96AC950005A01B /* Assets.xcassets */,
				8445B5FE2BC34A72000C042C /* FamilyAndFriendsCalendarView.swift */,
				8445B5FB2BC34A72000C042C /* PersonalCalendarView.swift */,
				8445B6032BC34A73000C042C /* ProfessionalCalendarView.swift */,
				8445B6002BC34A72000C042C /* SigninView.swift */,
				8445B6022BC34A73000C042C /* SignupView.swift */,
				8445B5FC2BC34A72000C042C /* SummaryView.swift */,
				8445B5FD2BC34A72000C042C /* SunkenBoxView.swift */,
				8445B5F92BC34A1D000C042C /* AddItemView.swift */,
				3BF687C92B96AC950005A01B /* Preview Content */,
			);
			path = TaskCanvas;
			sourceTree = "<group>";
		};
		3BF687C92B96AC950005A01B /* Preview Content */ = {
			isa = PBXGroup;
			children = (
				3BF687CA2B96AC950005A01B /* Preview Assets.xcassets */,
			);
			path = "Preview Content";
			sourceTree = "<group>";
		};
/* End PBXGroup section */

/* Begin PBXNativeTarget section */
		3BF687BF2B96AC940005A01B /* TaskCanvas */ = {
			isa = PBXNativeTarget;
			buildConfigurationList = 3BF687CE2B96AC950005A01B /* Build configuration list for PBXNativeTarget "TaskCanvas" */;
			buildPhases = (
				3BF687BC2B96AC940005A01B /* Sources */,
				3BF687BD2B96AC940005A01B /* Frameworks */,
				3BF687BE2B96AC940005A01B /* Resources */,
			);
			buildRules = (
			);
			dependencies = (
			);
			name = TaskCanvas;
			productName = TaskCanvas;
			productReference = 3BF687C02B96AC940005A01B /* TaskCanvas.app */;
			productType = "com.apple.product-type.application";
		};
/* End PBXNativeTarget section */

/* Begin PBXProject section */
		3BF687B82B96AC940005A01B /* Project object */ = {
			isa = PBXProject;
			attributes = {
				BuildIndependentTargetsInParallel = 1;
				LastSwiftUpdateCheck = 1500;
				LastUpgradeCheck = 1500;
				TargetAttributes = {
					3BF687BF2B96AC940005A01B = {
						CreatedOnToolsVersion = 15.0.1;
					};
				};
			};
			buildConfigurationList = 3BF687BB2B96AC940005A01B /* Build configuration list for PBXProject "TaskCanvas" */;
			compatibilityVersion = "Xcode 14.0";
			developmentRegion = en;
			hasScannedForEncodings = 0;
			knownRegions = (
				en,
				Base,
			);
			mainGroup = 3BF687B72B96AC940005A01B;
			productRefGroup = 3BF687C12B96AC940005A01B /* Products */;
			projectDirPath = "";
			projectRoot = "";
			targets = (
				3BF687BF2B96AC940005A01B /* TaskCanvas */,
			);
		};
/* End PBXProject section */

/* Begin PBXResourcesBuildPhase section */
		3BF687BE2B96AC940005A01B /* Resources */ = {
			isa = PBXResourcesBuildPhase;
			buildActionMask = 2147483647;
			files = (
				3BF687CB2B96AC950005A01B /* Preview Assets.xcassets in Resources */,
				3BF687C82B96AC950005A01B /* Assets.xcassets in Resources */,
			);
			runOnlyForDeploymentPostprocessing = 0;
		};
/* End PBXResourcesBuildPhase section */

/* Begin PBXSourcesBuildPhase section */
		3BF687BC2B96AC940005A01B /* Sources */ = {
			isa = PBXSourcesBuildPhase;
			buildActionMask = 2147483647;
			files = (
				8445B60A2BC34A73000C042C /* CalendarView.swift in Sources */,
				3BF687C62B96AC940005A01B /* ContentView.swift in Sources */,
				8445B5FA2BC34A1D000C042C /* AddItemView.swift in Sources */,
				8445B6092BC34A73000C042C /* SigninView.swift in Sources */,
				8445B6052BC34A73000C042C /* SummaryView.swift in Sources */,
				8445B6042BC34A73000C042C /* PersonalCalendarView.swift in Sources */,
				8445B60C2BC34A73000C042C /* ProfessionalCalendarView.swift in Sources */,
				8445B6062BC34A73000C042C /* SunkenBoxView.swift in Sources */,
				8445B6072BC34A73000C042C /* FamilyAndFriendsCalendarView.swift in Sources */,
				8445B60B2BC34A73000C042C /* SignupView.swift in Sources */,
				3BF687C42B96AC940005A01B /* TaskCanvasApp.swift in Sources */,
			);
			runOnlyForDeploymentPostprocessing = 0;
		};
/* End PBXSourcesBuildPhase section */

/* Begin XCBuildConfiguration section */
		3BF687CC2B96AC950005A01B /* Debug */ = {
			isa = XCBuildConfiguration;
			buildSettings = {
				ALWAYS_SEARCH_USER_PATHS = NO;
				ASSETCATALOG_COMPILER_GENERATE_SWIFT_ASSET_SYMBOL_EXTENSIONS = YES;
				CLANG_ANALYZER_NONNULL = YES;
				CLANG_ANALYZER_NUMBER_OBJECT_CONVERSION = YES_AGGRESSIVE;
				CLANG_CXX_LANGUAGE_STANDARD = "gnu++20";
				CLANG_ENABLE_MODULES = YES;
				CLANG_ENABLE_OBJC_ARC = YES;
				CLANG_ENABLE_OBJC_WEAK = YES;
				CLANG_WARN_BLOCK_CAPTURE_AUTORELEASING = YES;
				CLANG_WARN_BOOL_CONVERSION = YES;
				CLANG_WARN_COMMA = YES;
				CLANG_WARN_CONSTANT_CONVERSION = YES;
				CLANG_WARN_DEPRECATED_OBJC_IMPLEMENTATIONS = YES;
				CLANG_WARN_DIRECT_OBJC_ISA_USAGE = YES_ERROR;
				CLANG_WARN_DOCUMENTATION_COMMENTS = YES;
				CLANG_WARN_EMPTY_BODY = YES;
				CLANG_WARN_ENUM_CONVERSION = YES;
				CLANG_WARN_INFINITE_RECURSION = YES;
				CLANG_WARN_INT_CONVERSION = YES;
				CLANG_WARN_NON_LITERAL_NULL_CONVERSION = YES;
				CLANG_WARN_OBJC_IMPLICIT_RETAIN_SELF = YES;
				CLANG_WARN_OBJC_LITERAL_CONVERSION = YES;
				CLANG_WARN_OBJC_ROOT_CLASS = YES_ERROR;
				CLANG_WARN_QUOTED_INCLUDE_IN_FRAMEWORK_HEADER = YES;
				CLANG_WARN_RANGE_LOOP_ANALYSIS = YES;
				CLANG_WARN_STRICT_PROTOTYPES = YES;
				CLANG_WARN_SUSPICIOUS_MOVE = YES;
				CLANG_WARN_UNGUARDED_AVAILABILITY = YES_AGGRESSIVE;
				CLANG_WARN_UNREACHABLE_CODE = YES;
				CLANG_WARN__DUPLICATE_METHOD_MATCH = YES;
				COPY_PHASE_STRIP = NO;
				DEBUG_INFORMATION_FORMAT = dwarf;
				ENABLE_STRICT_OBJC_MSGSEND = YES;
				ENABLE_TESTABILITY = YES;
				ENABLE_USER_SCRIPT_SANDBOXING = YES;
				GCC_C_LANGUAGE_STANDARD = gnu17;
				GCC_DYNAMIC_NO_PIC = NO;
				GCC_NO_COMMON_BLOCKS = YES;
				GCC_OPTIMIZATION_LEVEL = 0;
				GCC_PREPROCESSOR_DEFINITIONS = (
					"DEBUG=1",
					"$(inherited)",
				);
				GCC_WARN_64_TO_32_BIT_CONVERSION = YES;
				GCC_WARN_ABOUT_RETURN_TYPE = YES_ERROR;
				GCC_WARN_UNDECLARED_SELECTOR = YES;
				GCC_WARN_UNINITIALIZED_AUTOS = YES_AGGRESSIVE;
				GCC_WARN_UNUSED_FUNCTION = YES;
				GCC_WARN_UNUSED_VARIABLE = YES;
				IPHONEOS_DEPLOYMENT_TARGET = 17.0;
				LOCALIZATION_PREFERS_STRING_CATALOGS = YES;
				MTL_ENABLE_DEBUG_INFO = INCLUDE_SOURCE;
				MTL_FAST_MATH = YES;
				ONLY_ACTIVE_ARCH = YES;
				SDKROOT = iphoneos;
				SWIFT_ACTIVE_COMPILATION_CONDITIONS = "DEBUG $(inherited)";
				SWIFT_OPTIMIZATION_LEVEL = "-Onone";
			};
			name = Debug;
		};
		3BF687CD2B96AC950005A01B /* Release */ = {
			isa = XCBuildConfiguration;
			buildSettings = {
				ALWAYS_SEARCH_USER_PATHS = NO;
				ASSETCATALOG_COMPILER_GENERATE_SWIFT_ASSET_SYMBOL_EXTENSIONS = YES;
				CLANG_ANALYZER_NONNULL = YES;
				CLANG_ANALYZER_NUMBER_OBJECT_CONVERSION = YES_AGGRESSIVE;
				CLANG_CXX_LANGUAGE_STANDARD = "gnu++20";
				CLANG_ENABLE_MODULES = YES;
				CLANG_ENABLE_OBJC_ARC = YES;
				CLANG_ENABLE_OBJC_WEAK = YES;
				CLANG_WARN_BLOCK_CAPTURE_AUTORELEASING = YES;
				CLANG_WARN_BOOL_CONVERSION = YES;
				CLANG_WARN_COMMA = YES;
				CLANG_WARN_CONSTANT_CONVERSION = YES;
				CLANG_WARN_DEPRECATED_OBJC_IMPLEMENTATIONS = YES;
				CLANG_WARN_DIRECT_OBJC_ISA_USAGE = YES_ERROR;
				CLANG_WARN_DOCUMENTATION_COMMENTS = YES;
				CLANG_WARN_EMPTY_BODY = YES;
				CLANG_WARN_ENUM_CONVERSION = YES;
				CLANG_WARN_INFINITE_RECURSION = YES;
				CLANG_WARN_INT_CONVERSION = YES;
				CLANG_WARN_NON_LITERAL_NULL_CONVERSION = YES;
				CLANG_WARN_OBJC_IMPLICIT_RETAIN_SELF = YES;
				CLANG_WARN_OBJC_LITERAL_CONVERSION = YES;
				CLANG_WARN_OBJC_ROOT_CLASS = YES_ERROR;
				CLANG_WARN_QUOTED_INCLUDE_IN_FRAMEWORK_HEADER = YES;
				CLANG_WARN_RANGE_LOOP_ANALYSIS = YES;
				CLANG_WARN_STRICT_PROTOTYPES = YES;
				CLANG_WARN_SUSPICIOUS_MOVE = YES;
				CLANG_WARN_UNGUARDED_AVAILABILITY = YES_AGGRESSIVE;
				CLANG_WARN_UNREACHABLE_CODE = YES;
				CLANG_WARN__DUPLICATE_METHOD_MATCH = YES;
				COPY_PHASE_STRIP = NO;
				DEBUG_INFORMATION_FORMAT = "dwarf-with-dsym";
				ENABLE_NS_ASSERTIONS = NO;
				ENABLE_STRICT_OBJC_MSGSEND = YES;
				ENABLE_USER_SCRIPT_SANDBOXING = YES;
				GCC_C_LANGUAGE_STANDARD = gnu17;
				GCC_NO_COMMON_BLOCKS = YES;
				GCC_WARN_64_TO_32_BIT_CONVERSION = YES;
				GCC_WARN_ABOUT_RETURN_TYPE = YES_ERROR;
				GCC_WARN_UNDECLARED_SELECTOR = YES;
				GCC_WARN_UNINITIALIZED_AUTOS = YES_AGGRESSIVE;
				GCC_WARN_UNUSED_FUNCTION = YES;
				GCC_WARN_UNUSED_VARIABLE = YES;
				IPHONEOS_DEPLOYMENT_TARGET = 17.0;
				LOCALIZATION_PREFERS_STRING_CATALOGS = YES;
				MTL_ENABLE_DEBUG_INFO = NO;
				MTL_FAST_MATH = YES;
				SDKROOT = iphoneos;
				SWIFT_COMPILATION_MODE = wholemodule;
				VALIDATE_PRODUCT = YES;
			};
			name = Release;
		};
		3BF687CF2B96AC950005A01B /* Debug */ = {
			isa = XCBuildConfiguration;
			buildSettings = {
				ASSETCATALOG_COMPILER_APPICON_NAME = AppIcon;
				ASSETCATALOG_COMPILER_GLOBAL_ACCENT_COLOR_NAME = AccentColor;
				CODE_SIGN_STYLE = Automatic;
				CURRENT_PROJECT_VERSION = 1;
				DEVELOPMENT_ASSET_PATHS = "\"TaskCanvas/Preview Content\"";
				DEVELOPMENT_TEAM = U63JDD8A5K;
				ENABLE_PREVIEWS = YES;
				GENERATE_INFOPLIST_FILE = YES;
				INFOPLIST_KEY_UIApplicationSceneManifest_Generation = YES;
				INFOPLIST_KEY_UIApplicationSupportsIndirectInputEvents = YES;
				INFOPLIST_KEY_UILaunchScreen_Generation = YES;
				INFOPLIST_KEY_UISupportedInterfaceOrientations_iPad = "UIInterfaceOrientationPortrait UIInterfaceOrientationPortraitUpsideDown UIInterfaceOrientationLandscapeLeft UIInterfaceOrientationLandscapeRight";
				INFOPLIST_KEY_UISupportedInterfaceOrientations_iPhone = "UIInterfaceOrientationPortrait UIInterfaceOrientationLandscapeLeft UIInterfaceOrientationLandscapeRight";
				LD_RUNPATH_SEARCH_PATHS = (
					"$(inherited)",
					"@executable_path/Frameworks",
				);
				MARKETING_VERSION = 1.0;
				PRODUCT_BUNDLE_IDENTIFIER = com.nf.TaskCanvas;
				PRODUCT_NAME = "$(TARGET_NAME)";
				SWIFT_EMIT_LOC_STRINGS = YES;
				SWIFT_VERSION = 5.0;
				TARGETED_DEVICE_FAMILY = "1,2";
			};
			name = Debug;
		};
		3BF687D02B96AC950005A01B /* Release */ = {
			isa = XCBuildConfiguration;
			buildSettings = {
				ASSETCATALOG_COMPILER_APPICON_NAME = AppIcon;
				ASSETCATALOG_COMPILER_GLOBAL_ACCENT_COLOR_NAME = AccentColor;
				CODE_SIGN_STYLE = Automatic;
				CURRENT_PROJECT_VERSION = 1;
				DEVELOPMENT_ASSET_PATHS = "\"TaskCanvas/Preview Content\"";
				DEVELOPMENT_TEAM = U63JDD8A5K;
				ENABLE_PREVIEWS = YES;
				GENERATE_INFOPLIST_FILE = YES;
				INFOPLIST_KEY_UIApplicationSceneManifest_Generation = YES;
				INFOPLIST_KEY_UIApplicationSupportsIndirectInputEvents = YES;
				INFOPLIST_KEY_UILaunchScreen_Generation = YES;
				INFOPLIST_KEY_UISupportedInterfaceOrientations_iPad = "UIInterfaceOrientationPortrait UIInterfaceOrientationPortraitUpsideDown UIInterfaceOrientationLandscapeLeft UIInterfaceOrientationLandscapeRight";
				INFOPLIST_KEY_UISupportedInterfaceOrientations_iPhone = "UIInterfaceOrientationPortrait UIInterfaceOrientationLandscapeLeft UIInterfaceOrientationLandscapeRight";
				LD_RUNPATH_SEARCH_PATHS = (
					"$(inherited)",
					"@executable_path/Frameworks",
				);
				MARKETING_VERSION = 1.0;
				PRODUCT_BUNDLE_IDENTIFIER = com.nf.TaskCanvas;
				PRODUCT_NAME = "$(TARGET_NAME)";
				SWIFT_EMIT_LOC_STRINGS = YES;
				SWIFT_VERSION = 5.0;
				TARGETED_DEVICE_FAMILY = "1,2";
			};
			name = Release;
		};
/* End XCBuildConfiguration section */

/* Begin XCConfigurationList section */
		3BF687BB2B96AC940005A01B /* Build configuration list for PBXProject "TaskCanvas" */ = {
			isa = XCConfigurationList;
			buildConfigurations = (
				3BF687CC2B96AC950005A01B /* Debug */,
				3BF687CD2B96AC950005A01B /* Release */,
			);
			defaultConfigurationIsVisible = 0;
			defaultConfigurationName = Release;
		};
		3BF687CE2B96AC950005A01B /* Build configuration list for PBXNativeTarget "TaskCanvas" */ = {
			isa = XCConfigurationList;
			buildConfigurations = (
				3BF687CF2B96AC950005A01B /* Debug */,
				3BF687D02B96AC950005A01B /* Release */,
			);
			defaultConfigurationIsVisible = 0;
			defaultConfigurationName = Release;
		};
/* End XCConfigurationList section */
	};
	rootObject = 3BF687B82B96AC940005A01B /* Project object */;
}
